
Microsoft Visual Studio Solution File, Format Version 12.00
# Visual Studio 2012
Project("{FAE04EC0-301F-11D3-BF4B-00C04F79EFBC}") = "ScreenType", "ScreenType\ScreenType.csproj", "{A1DED7B5-9E23-400B-941A-15963D609690}"
EndProject
Global
	GlobalSection(SolutionConfigurationPlatforms) = preSolution
		Debug|Any CPU = Debug|Any CPU
		Release|Any CPU = Release|Any CPU
		Debug|iPhoneSimulator = Debug|iPhoneSimulator
		Release|iPhone = Release|iPhone
		Release|iPhoneSimulator = Release|iPhoneSimulator
		Debug|iPhone = Debug|iPhone
	EndGlobalSection
	GlobalSection(ProjectConfigurationPlatforms) = postSolution
		{A1DED7B5-9E23-400B-941A-15963D609690}.Debug|Any CPU.ActiveCfg = Debug|Any CPU
		{A1DED7B5-9E23-400B-941A-15963D609690}.Debug|Any CPU.Build.0 = Debug|Any CPU
		{A1DED7B5-9E23-400B-941A-15963D609690}.Release|Any CPU.ActiveCfg = Release|Any CPU
		{A1DED7B5-9E23-400B-941A-15963D609690}.Release|Any CPU.Build.0 = Release|Any CPU
		{A1DED7B5-9E23-400B-941A-15963D609690}.Debug|iPhoneSimulator.ActiveCfg = Debug|Any CPU
		{A1DED7B5-9E23-400B-941A-15963D609690}.Debug|iPhoneSimulator.Build.0 = Debug|Any CPU
		{A1DED7B5-9E23-400B-941A-15963D609690}.Release|iPhone.ActiveCfg = Release|Any CPU
		{A1DED7B5-9E23-400B-941A-15963D609690}.Release|iPhone.Build.0 = Release|Any CPU
		{A1DED7B5-9E23-400B-941A-15963D609690}.Release|iPhoneSimulator.ActiveCfg = Release|Any CPU
		{A1DED7B5-9E23-400B-941A-15963D609690}.Release|iPhoneSimulator.Build.0 = Release|Any CPU
		{A1DED7B5-9E23-400B-941A-15963D609690}.Debug|iPhone.ActiveCfg = Debug|Any CPU
		{A1DED7B5-9E23-400B-941A-15963D609690}.Debug|iPhone.Build.0 = Debug|Any CPU
	EndGlobalSection
	GlobalSection(NestedProjects) = preSolution
	EndGlobalSection
EndGlobal
